
Microsoft Visual Studio Solution File, Format Version 12.00
# Visual Studio Version 17
VisualStudioVersion = 17.7.34031.279
MinimumVisualStudioVersion = 10.0.40219.1
Project("{FAE04EC0-301F-11D3-BF4B-00C04F79EFBC}") = "POC.API", "POC.API\POC.API.csproj", "{688048AF-D76F-44F2-82FB-250B56BBE552}"
EndProject
Project("{FAE04EC0-301F-11D3-BF4B-00C04F79EFBC}") = "POC.UnitTest", "POC.UnitTest\POC.UnitTest.csproj", "{6276CDE2-E80A-4966-A2BE-C9A6BC82C5A8}"
EndProject
Project("{FAE04EC0-301F-11D3-BF4B-00C04F79EFBC}") = "POC.IntegrationTest", "POC.IntegrationTest\POC.IntegrationTest.csproj", "{F50213ED-9032-4325-9005-3DF42A1656CE}"
EndProject
Global
	GlobalSection(SolutionConfigurationPlatforms) = preSolution
		Debug|Any CPU = Debug|Any CPU
		Release|Any CPU = Release|Any CPU
	EndGlobalSection
	GlobalSection(ProjectConfigurationPlatforms) = postSolution
		{688048AF-D76F-44F2-82FB-250B56BBE552}.Debug|Any CPU.ActiveCfg = Debug|Any CPU
		{688048AF-D76F-44F2-82FB-250B56BBE552}.Debug|Any CPU.Build.0 = Debug|Any CPU
		{688048AF-D76F-44F2-82FB-250B56BBE552}.Release|Any CPU.ActiveCfg = Release|Any CPU
		{688048AF-D76F-44F2-82FB-250B56BBE552}.Release|Any CPU.Build.0 = Release|Any CPU
		{6276CDE2-E80A-4966-A2BE-C9A6BC82C5A8}.Debug|Any CPU.ActiveCfg = Debug|Any CPU
		{6276CDE2-E80A-4966-A2BE-C9A6BC82C5A8}.Debug|Any CPU.Build.0 = Debug|Any CPU
		{6276CDE2-E80A-4966-A2BE-C9A6BC82C5A8}.Release|Any CPU.ActiveCfg = Release|Any CPU
		{6276CDE2-E80A-4966-A2BE-C9A6BC82C5A8}.Release|Any CPU.Build.0 = Release|Any CPU
		{F50213ED-9032-4325-9005-3DF42A1656CE}.Debug|Any CPU.ActiveCfg = Debug|Any CPU
		{F50213ED-9032-4325-9005-3DF42A1656CE}.Debug|Any CPU.Build.0 = Debug|Any CPU
		{F50213ED-9032-4325-9005-3DF42A1656CE}.Release|Any CPU.ActiveCfg = Release|Any CPU
		{F50213ED-9032-4325-9005-3DF42A1656CE}.Release|Any CPU.Build.0 = Release|Any CPU
	EndGlobalSection
	GlobalSection(SolutionProperties) = preSolution
		HideSolutionNode = FALSE
	EndGlobalSection
	GlobalSection(ExtensibilityGlobals) = postSolution
		SolutionGuid = {8B7D8752-66E4-4573-81EB-488F5C52E0D9}
	EndGlobalSection
EndGlobal
